
Microsoft Visual Studio Solution File, Format Version 12.00
# Visual Studio Version 16
VisualStudioVersion = 16.0.31321.278
MinimumVisualStudioVersion = 10.0.40219.1
Project("{FAE04EC0-301F-11D3-BF4B-00C04F79EFBC}") = "PickandDrop", "PickandDrop\PickandDrop.csproj", "{1A0B3194-4BC7-47C5-B54D-58BE236A80D1}"
EndProject
Global
	GlobalSection(SolutionConfigurationPlatforms) = preSolution
		Debug|Any CPU = Debug|Any CPU
		Release|Any CPU = Release|Any CPU
	EndGlobalSection
	GlobalSection(ProjectConfigurationPlatforms) = postSolution
		{1A0B3194-4BC7-47C5-B54D-58BE236A80D1}.Debug|Any CPU.ActiveCfg = Debug|Any CPU
		{1A0B3194-4BC7-47C5-B54D-58BE236A80D1}.Debug|Any CPU.Build.0 = Debug|Any CPU
		{1A0B3194-4BC7-47C5-B54D-58BE236A80D1}.Release|Any CPU.ActiveCfg = Release|Any CPU
		{1A0B3194-4BC7-47C5-B54D-58BE236A80D1}.Release|Any CPU.Build.0 = Release|Any CPU
	EndGlobalSection
	GlobalSection(SolutionProperties) = preSolution
		HideSolutionNode = FALSE
	EndGlobalSection
	GlobalSection(ExtensibilityGlobals) = postSolution
		SolutionGuid = {DF1D00BD-2031-40E5-94C2-4CF7EBA1682E}
	EndGlobalSection
EndGlobal
